
Microsoft Visual Studio Solution File, Format Version 12.00
# Visual Studio Version 17
VisualStudioVersion = 17.11.35219.272
MinimumVisualStudioVersion = 10.0.40219.1
Project("{9A19103F-16F7-4668-BE54-9A1E7A4F7556}") = "BudgetSolution", "BudgetSolution\BudgetSolution.csproj", "{98C421EC-3BF7-4E8C-80DC-5FAC6046E014}"
EndProject
Project("{9A19103F-16F7-4668-BE54-9A1E7A4F7556}") = "TestProject", "TestProject\TestProject.csproj", "{3893BF17-46D2-4775-8076-88CCB34E2827}"
EndProject
Project("{9A19103F-16F7-4668-BE54-9A1E7A4F7556}") = "TestDatabase", "TestDatabase\TestDatabase.csproj", "{69C4378C-E190-49A3-9C40-88325A09DC0E}"
EndProject
Project("{9A19103F-16F7-4668-BE54-9A1E7A4F7556}") = "Frontend_HomeBudget", "Frontend_HomeBudget\Frontend_HomeBudget.csproj", "{06A6C9BE-85E8-4260-89AA-A50CF8602D0D}"
EndProject
Project("{9A19103F-16F7-4668-BE54-9A1E7A4F7556}") = "BudgetPresenter", "BudgetPresenter\BudgetPresenter.csproj", "{8DBF7C47-647F-4EE1-8A08-9217A4BABC78}"
EndProject
Project("{9A19103F-16F7-4668-BE54-9A1E7A4F7556}") = "TestPresenter", "TestPresenter\TestPresenter.csproj", "{E8B02A70-AE00-4927-BBF4-0D3BF1A4260E}"
EndProject
Project("{C7167F0D-BC9F-4E6E-AFE1-012C56B48DB5}") = "BudgetWap", "BudgetWap\BudgetWap.wapproj", "{2DB102AA-9ED1-46CA-94BC-5A47AC68E5B2}"
EndProject
Global
	GlobalSection(SolutionConfigurationPlatforms) = preSolution
		Debug|Any CPU = Debug|Any CPU
		Debug|ARM = Debug|ARM
		Debug|ARM64 = Debug|ARM64
		Debug|x64 = Debug|x64
		Debug|x86 = Debug|x86
		Release|Any CPU = Release|Any CPU
		Release|ARM = Release|ARM
		Release|ARM64 = Release|ARM64
		Release|x64 = Release|x64
		Release|x86 = Release|x86
	EndGlobalSection
	GlobalSection(ProjectConfigurationPlatforms) = postSolution
		{98C421EC-3BF7-4E8C-80DC-5FAC6046E014}.Debug|Any CPU.ActiveCfg = Debug|Any CPU
		{98C421EC-3BF7-4E8C-80DC-5FAC6046E014}.Debug|Any CPU.Build.0 = Debug|Any CPU
		{98C421EC-3BF7-4E8C-80DC-5FAC6046E014}.Debug|ARM.ActiveCfg = Debug|Any CPU
		{98C421EC-3BF7-4E8C-80DC-5FAC6046E014}.Debug|ARM.Build.0 = Debug|Any CPU
		{98C421EC-3BF7-4E8C-80DC-5FAC6046E014}.Debug|ARM64.ActiveCfg = Debug|Any CPU
		{98C421EC-3BF7-4E8C-80DC-5FAC6046E014}.Debug|ARM64.Build.0 = Debug|Any CPU
		{98C421EC-3BF7-4E8C-80DC-5FAC6046E014}.Debug|x64.ActiveCfg = Debug|Any CPU
		{98C421EC-3BF7-4E8C-80DC-5FAC6046E014}.Debug|x64.Build.0 = Debug|Any CPU
		{98C421EC-3BF7-4E8C-80DC-5FAC6046E014}.Debug|x86.ActiveCfg = Debug|Any CPU
		{98C421EC-3BF7-4E8C-80DC-5FAC6046E014}.Debug|x86.Build.0 = Debug|Any CPU
		{98C421EC-3BF7-4E8C-80DC-5FAC6046E014}.Release|Any CPU.ActiveCfg = Release|Any CPU
		{98C421EC-3BF7-4E8C-80DC-5FAC6046E014}.Release|Any CPU.Build.0 = Release|Any CPU
		{98C421EC-3BF7-4E8C-80DC-5FAC6046E014}.Release|ARM.ActiveCfg = Release|Any CPU
		{98C421EC-3BF7-4E8C-80DC-5FAC6046E014}.Release|ARM.Build.0 = Release|Any CPU
		{98C421EC-3BF7-4E8C-80DC-5FAC6046E014}.Release|ARM64.ActiveCfg = Release|Any CPU
		{98C421EC-3BF7-4E8C-80DC-5FAC6046E014}.Release|ARM64.Build.0 = Release|Any CPU
		{98C421EC-3BF7-4E8C-80DC-5FAC6046E014}.Release|x64.ActiveCfg = Release|x64
		{98C421EC-3BF7-4E8C-80DC-5FAC6046E014}.Release|x64.Build.0 = Release|x64
		{98C421EC-3BF7-4E8C-80DC-5FAC6046E014}.Release|x86.ActiveCfg = Release|x86
		{98C421EC-3BF7-4E8C-80DC-5FAC6046E014}.Release|x86.Build.0 = Release|x86
		{3893BF17-46D2-4775-8076-88CCB34E2827}.Debug|Any CPU.ActiveCfg = Debug|Any CPU
		{3893BF17-46D2-4775-8076-88CCB34E2827}.Debug|Any CPU.Build.0 = Debug|Any CPU
		{3893BF17-46D2-4775-8076-88CCB34E2827}.Debug|ARM.ActiveCfg = Debug|Any CPU
		{3893BF17-46D2-4775-8076-88CCB34E2827}.Debug|ARM.Build.0 = Debug|Any CPU
		{3893BF17-46D2-4775-8076-88CCB34E2827}.Debug|ARM64.ActiveCfg = Debug|Any CPU
		{3893BF17-46D2-4775-8076-88CCB34E2827}.Debug|ARM64.Build.0 = Debug|Any CPU
		{3893BF17-46D2-4775-8076-88CCB34E2827}.Debug|x64.ActiveCfg = Debug|Any CPU
		{3893BF17-46D2-4775-8076-88CCB34E2827}.Debug|x64.Build.0 = Debug|Any CPU
		{3893BF17-46D2-4775-8076-88CCB34E2827}.Debug|x86.ActiveCfg = Debug|Any CPU
		{3893BF17-46D2-4775-8076-88CCB34E2827}.Debug|x86.Build.0 = Debug|Any CPU
		{3893BF17-46D2-4775-8076-88CCB34E2827}.Release|Any CPU.ActiveCfg = Release|Any CPU
		{3893BF17-46D2-4775-8076-88CCB34E2827}.Release|Any CPU.Build.0 = Release|Any CPU
		{3893BF17-46D2-4775-8076-88CCB34E2827}.Release|ARM.ActiveCfg = Release|Any CPU
		{3893BF17-46D2-4775-8076-88CCB34E2827}.Release|ARM.Build.0 = Release|Any CPU
		{3893BF17-46D2-4775-8076-88CCB34E2827}.Release|ARM64.ActiveCfg = Release|Any CPU
		{3893BF17-46D2-4775-8076-88CCB34E2827}.Release|ARM64.Build.0 = Release|Any CPU
		{3893BF17-46D2-4775-8076-88CCB34E2827}.Release|x64.ActiveCfg = Release|x64
		{3893BF17-46D2-4775-8076-88CCB34E2827}.Release|x64.Build.0 = Release|x64
		{3893BF17-46D2-4775-8076-88CCB34E2827}.Release|x86.ActiveCfg = Release|x86
		{3893BF17-46D2-4775-8076-88CCB34E2827}.Release|x86.Build.0 = Release|x86
		{69C4378C-E190-49A3-9C40-88325A09DC0E}.Debug|Any CPU.ActiveCfg = Debug|Any CPU
		{69C4378C-E190-49A3-9C40-88325A09DC0E}.Debug|Any CPU.Build.0 = Debug|Any CPU
		{69C4378C-E190-49A3-9C40-88325A09DC0E}.Debug|ARM.ActiveCfg = Debug|Any CPU
		{69C4378C-E190-49A3-9C40-88325A09DC0E}.Debug|ARM.Build.0 = Debug|Any CPU
		{69C4378C-E190-49A3-9C40-88325A09DC0E}.Debug|ARM64.ActiveCfg = Debug|Any CPU
		{69C4378C-E190-49A3-9C40-88325A09DC0E}.Debug|ARM64.Build.0 = Debug|Any CPU
		{69C4378C-E190-49A3-9C40-88325A09DC0E}.Debug|x64.ActiveCfg = Debug|Any CPU
		{69C4378C-E190-49A3-9C40-88325A09DC0E}.Debug|x64.Build.0 = Debug|Any CPU
		{69C4378C-E190-49A3-9C40-88325A09DC0E}.Debug|x86.ActiveCfg = Debug|Any CPU
		{69C4378C-E190-49A3-9C40-88325A09DC0E}.Debug|x86.Build.0 = Debug|Any CPU
		{69C4378C-E190-49A3-9C40-88325A09DC0E}.Release|Any CPU.ActiveCfg = Release|Any CPU
		{69C4378C-E190-49A3-9C40-88325A09DC0E}.Release|Any CPU.Build.0 = Release|Any CPU
		{69C4378C-E190-49A3-9C40-88325A09DC0E}.Release|ARM.ActiveCfg = Release|Any CPU
		{69C4378C-E190-49A3-9C40-88325A09DC0E}.Release|ARM.Build.0 = Release|Any CPU
		{69C4378C-E190-49A3-9C40-88325A09DC0E}.Release|ARM64.ActiveCfg = Release|Any CPU
		{69C4378C-E190-49A3-9C40-88325A09DC0E}.Release|ARM64.Build.0 = Release|Any CPU
		{69C4378C-E190-49A3-9C40-88325A09DC0E}.Release|x64.ActiveCfg = Release|x64
		{69C4378C-E190-49A3-9C40-88325A09DC0E}.Release|x64.Build.0 = Release|x64
		{69C4378C-E190-49A3-9C40-88325A09DC0E}.Release|x86.ActiveCfg = Release|x86
		{69C4378C-E190-49A3-9C40-88325A09DC0E}.Release|x86.Build.0 = Release|x86
		{06A6C9BE-85E8-4260-89AA-A50CF8602D0D}.Debug|Any CPU.ActiveCfg = Debug|Any CPU
		{06A6C9BE-85E8-4260-89AA-A50CF8602D0D}.Debug|Any CPU.Build.0 = Debug|Any CPU
		{06A6C9BE-85E8-4260-89AA-A50CF8602D0D}.Debug|ARM.ActiveCfg = Debug|Any CPU
		{06A6C9BE-85E8-4260-89AA-A50CF8602D0D}.Debug|ARM.Build.0 = Debug|Any CPU
		{06A6C9BE-85E8-4260-89AA-A50CF8602D0D}.Debug|ARM64.ActiveCfg = Debug|Any CPU
		{06A6C9BE-85E8-4260-89AA-A50CF8602D0D}.Debug|ARM64.Build.0 = Debug|Any CPU
		{06A6C9BE-85E8-4260-89AA-A50CF8602D0D}.Debug|x64.ActiveCfg = Debug|Any CPU
		{06A6C9BE-85E8-4260-89AA-A50CF8602D0D}.Debug|x64.Build.0 = Debug|Any CPU
		{06A6C9BE-85E8-4260-89AA-A50CF8602D0D}.Debug|x86.ActiveCfg = Debug|Any CPU
		{06A6C9BE-85E8-4260-89AA-A50CF8602D0D}.Debug|x86.Build.0 = Debug|Any CPU
		{06A6C9BE-85E8-4260-89AA-A50CF8602D0D}.Release|Any CPU.ActiveCfg = Release|Any CPU
		{06A6C9BE-85E8-4260-89AA-A50CF8602D0D}.Release|Any CPU.Build.0 = Release|Any CPU
		{06A6C9BE-85E8-4260-89AA-A50CF8602D0D}.Release|ARM.ActiveCfg = Release|Any CPU
		{06A6C9BE-85E8-4260-89AA-A50CF8602D0D}.Release|ARM.Build.0 = Release|Any CPU
		{06A6C9BE-85E8-4260-89AA-A50CF8602D0D}.Release|ARM64.ActiveCfg = Release|Any CPU
		{06A6C9BE-85E8-4260-89AA-A50CF8602D0D}.Release|ARM64.Build.0 = Release|Any CPU
		{06A6C9BE-85E8-4260-89AA-A50CF8602D0D}.Release|x64.ActiveCfg = Release|x64
		{06A6C9BE-85E8-4260-89AA-A50CF8602D0D}.Release|x64.Build.0 = Release|x64
		{06A6C9BE-85E8-4260-89AA-A50CF8602D0D}.Release|x86.ActiveCfg = Release|x86
		{06A6C9BE-85E8-4260-89AA-A50CF8602D0D}.Release|x86.Build.0 = Release|x86
		{8DBF7C47-647F-4EE1-8A08-9217A4BABC78}.Debug|Any CPU.ActiveCfg = Debug|Any CPU
		{8DBF7C47-647F-4EE1-8A08-9217A4BABC78}.Debug|Any CPU.Build.0 = Debug|Any CPU
		{8DBF7C47-647F-4EE1-8A08-9217A4BABC78}.Debug|ARM.ActiveCfg = Debug|Any CPU
		{8DBF7C47-647F-4EE1-8A08-9217A4BABC78}.Debug|ARM.Build.0 = Debug|Any CPU
		{8DBF7C47-647F-4EE1-8A08-9217A4BABC78}.Debug|ARM64.ActiveCfg = Debug|Any CPU
		{8DBF7C47-647F-4EE1-8A08-9217A4BABC78}.Debug|ARM64.Build.0 = Debug|Any CPU
		{8DBF7C47-647F-4EE1-8A08-9217A4BABC78}.Debug|x64.ActiveCfg = Debug|Any CPU
		{8DBF7C47-647F-4EE1-8A08-9217A4BABC78}.Debug|x64.Build.0 = Debug|Any CPU
		{8DBF7C47-647F-4EE1-8A08-9217A4BABC78}.Debug|x86.ActiveCfg = Debug|Any CPU
		{8DBF7C47-647F-4EE1-8A08-9217A4BABC78}.Debug|x86.Build.0 = Debug|Any CPU
		{8DBF7C47-647F-4EE1-8A08-9217A4BABC78}.Release|Any CPU.ActiveCfg = Release|Any CPU
		{8DBF7C47-647F-4EE1-8A08-9217A4BABC78}.Release|Any CPU.Build.0 = Release|Any CPU
		{8DBF7C47-647F-4EE1-8A08-9217A4BABC78}.Release|ARM.ActiveCfg = Release|Any CPU
		{8DBF7C47-647F-4EE1-8A08-9217A4BABC78}.Release|ARM.Build.0 = Release|Any CPU
		{8DBF7C47-647F-4EE1-8A08-9217A4BABC78}.Release|ARM64.ActiveCfg = Release|Any CPU
		{8DBF7C47-647F-4EE1-8A08-9217A4BABC78}.Release|ARM64.Build.0 = Release|Any CPU
		{8DBF7C47-647F-4EE1-8A08-9217A4BABC78}.Release|x64.ActiveCfg = Release|x64
		{8DBF7C47-647F-4EE1-8A08-9217A4BABC78}.Release|x64.Build.0 = Release|x64
		{8DBF7C47-647F-4EE1-8A08-9217A4BABC78}.Release|x86.ActiveCfg = Release|x86
		{8DBF7C47-647F-4EE1-8A08-9217A4BABC78}.Release|x86.Build.0 = Release|x86
		{E8B02A70-AE00-4927-BBF4-0D3BF1A4260E}.Debug|Any CPU.ActiveCfg = Debug|Any CPU
		{E8B02A70-AE00-4927-BBF4-0D3BF1A4260E}.Debug|Any CPU.Build.0 = Debug|Any CPU
		{E8B02A70-AE00-4927-BBF4-0D3BF1A4260E}.Debug|ARM.ActiveCfg = Debug|Any CPU
		{E8B02A70-AE00-4927-BBF4-0D3BF1A4260E}.Debug|ARM.Build.0 = Debug|Any CPU
		{E8B02A70-AE00-4927-BBF4-0D3BF1A4260E}.Debug|ARM64.ActiveCfg = Debug|Any CPU
		{E8B02A70-AE00-4927-BBF4-0D3BF1A4260E}.Debug|ARM64.Build.0 = Debug|Any CPU
		{E8B02A70-AE00-4927-BBF4-0D3BF1A4260E}.Debug|x64.ActiveCfg = Debug|Any CPU
		{E8B02A70-AE00-4927-BBF4-0D3BF1A4260E}.Debug|x64.Build.0 = Debug|Any CPU
		{E8B02A70-AE00-4927-BBF4-0D3BF1A4260E}.Debug|x86.ActiveCfg = Debug|Any CPU
		{E8B02A70-AE00-4927-BBF4-0D3BF1A4260E}.Debug|x86.Build.0 = Debug|Any CPU
		{E8B02A70-AE00-4927-BBF4-0D3BF1A4260E}.Release|Any CPU.ActiveCfg = Release|Any CPU
		{E8B02A70-AE00-4927-BBF4-0D3BF1A4260E}.Release|Any CPU.Build.0 = Release|Any CPU
		{E8B02A70-AE00-4927-BBF4-0D3BF1A4260E}.Release|ARM.ActiveCfg = Release|Any CPU
		{E8B02A70-AE00-4927-BBF4-0D3BF1A4260E}.Release|ARM.Build.0 = Release|Any CPU
		{E8B02A70-AE00-4927-BBF4-0D3BF1A4260E}.Release|ARM64.ActiveCfg = Release|Any CPU
		{E8B02A70-AE00-4927-BBF4-0D3BF1A4260E}.Release|ARM64.Build.0 = Release|Any CPU
		{E8B02A70-AE00-4927-BBF4-0D3BF1A4260E}.Release|x64.ActiveCfg = Release|x64
		{E8B02A70-AE00-4927-BBF4-0D3BF1A4260E}.Release|x64.Build.0 = Release|x64
		{E8B02A70-AE00-4927-BBF4-0D3BF1A4260E}.Release|x86.ActiveCfg = Release|x86
		{E8B02A70-AE00-4927-BBF4-0D3BF1A4260E}.Release|x86.Build.0 = Release|x86
		{2DB102AA-9ED1-46CA-94BC-5A47AC68E5B2}.Debug|Any CPU.ActiveCfg = Debug|Any CPU
		{2DB102AA-9ED1-46CA-94BC-5A47AC68E5B2}.Debug|Any CPU.Build.0 = Debug|Any CPU
		{2DB102AA-9ED1-46CA-94BC-5A47AC68E5B2}.Debug|Any CPU.Deploy.0 = Debug|Any CPU
		{2DB102AA-9ED1-46CA-94BC-5A47AC68E5B2}.Debug|ARM.ActiveCfg = Debug|ARM
		{2DB102AA-9ED1-46CA-94BC-5A47AC68E5B2}.Debug|ARM.Build.0 = Debug|ARM
		{2DB102AA-9ED1-46CA-94BC-5A47AC68E5B2}.Debug|ARM.Deploy.0 = Debug|ARM
		{2DB102AA-9ED1-46CA-94BC-5A47AC68E5B2}.Debug|ARM64.ActiveCfg = Debug|ARM64
		{2DB102AA-9ED1-46CA-94BC-5A47AC68E5B2}.Debug|ARM64.Build.0 = Debug|ARM64
		{2DB102AA-9ED1-46CA-94BC-5A47AC68E5B2}.Debug|ARM64.Deploy.0 = Debug|ARM64
		{2DB102AA-9ED1-46CA-94BC-5A47AC68E5B2}.Debug|x64.ActiveCfg = Debug|x64
		{2DB102AA-9ED1-46CA-94BC-5A47AC68E5B2}.Debug|x64.Build.0 = Debug|x64
		{2DB102AA-9ED1-46CA-94BC-5A47AC68E5B2}.Debug|x64.Deploy.0 = Debug|x64
		{2DB102AA-9ED1-46CA-94BC-5A47AC68E5B2}.Debug|x86.ActiveCfg = Debug|x86
		{2DB102AA-9ED1-46CA-94BC-5A47AC68E5B2}.Debug|x86.Build.0 = Debug|x86
		{2DB102AA-9ED1-46CA-94BC-5A47AC68E5B2}.Debug|x86.Deploy.0 = Debug|x86
		{2DB102AA-9ED1-46CA-94BC-5A47AC68E5B2}.Release|Any CPU.ActiveCfg = Release|Any CPU
		{2DB102AA-9ED1-46CA-94BC-5A47AC68E5B2}.Release|Any CPU.Build.0 = Release|Any CPU
		{2DB102AA-9ED1-46CA-94BC-5A47AC68E5B2}.Release|Any CPU.Deploy.0 = Release|Any CPU
		{2DB102AA-9ED1-46CA-94BC-5A47AC68E5B2}.Release|ARM.ActiveCfg = Release|ARM
		{2DB102AA-9ED1-46CA-94BC-5A47AC68E5B2}.Release|ARM.Build.0 = Release|ARM
		{2DB102AA-9ED1-46CA-94BC-5A47AC68E5B2}.Release|ARM.Deploy.0 = Release|ARM
		{2DB102AA-9ED1-46CA-94BC-5A47AC68E5B2}.Release|ARM64.ActiveCfg = Release|ARM64
		{2DB102AA-9ED1-46CA-94BC-5A47AC68E5B2}.Release|ARM64.Build.0 = Release|ARM64
		{2DB102AA-9ED1-46CA-94BC-5A47AC68E5B2}.Release|ARM64.Deploy.0 = Release|ARM64
		{2DB102AA-9ED1-46CA-94BC-5A47AC68E5B2}.Release|x64.ActiveCfg = Release|x64
		{2DB102AA-9ED1-46CA-94BC-5A47AC68E5B2}.Release|x64.Build.0 = Release|x64
		{2DB102AA-9ED1-46CA-94BC-5A47AC68E5B2}.Release|x64.Deploy.0 = Release|x64
		{2DB102AA-9ED1-46CA-94BC-5A47AC68E5B2}.Release|x86.ActiveCfg = Release|x86
		{2DB102AA-9ED1-46CA-94BC-5A47AC68E5B2}.Release|x86.Build.0 = Release|x86
		{2DB102AA-9ED1-46CA-94BC-5A47AC68E5B2}.Release|x86.Deploy.0 = Release|x86
	EndGlobalSection
	GlobalSection(SolutionProperties) = preSolution
		HideSolutionNode = FALSE
	EndGlobalSection
	GlobalSection(ExtensibilityGlobals) = postSolution
		SolutionGuid = {508E4374-5FC7-4632-8248-5880EBFB47D0}
	EndGlobalSection
EndGlobal
